// !$*UTF8*$!
{
	archiveVersion = 1;
	classes = {
	};
	objectVersion = 50;
	objects = {

/* Begin PBXBuildFile section */
		AD04D0E72571EAFB003C0FB1 /* OptionalImage.swift in Sources */ = {isa = PBXBuildFile; fileRef = AD04D0E62571EAFB003C0FB1 /* OptionalImage.swift */; };
		AD04D0EA2571F18B003C0FB1 /* AnimatableSystemFontModifier.swift in Sources */ = {isa = PBXBuildFile; fileRef = AD04D0E92571F18B003C0FB1 /* AnimatableSystemFontModifier.swift */; };
		AD04D0ED257C5DB0003C0FB1 /* Spinning.swift in Sources */ = {isa = PBXBuildFile; fileRef = AD04D0EC257C5DB0003C0FB1 /* Spinning.swift */; };
		AD04D0F5257EC007003C0FB1 /* PalletteChooser.swift in Sources */ = {isa = PBXBuildFile; fileRef = AD04D0F4257EC007003C0FB1 /* PalletteChooser.swift */; };
		AD236EB42695F9BE0003702D /* ImagePicker.swift in Sources */ = {isa = PBXBuildFile; fileRef = AD236EB32695F9BE0003702D /* ImagePicker.swift */; };
		AD236EB62696026B0003702D /* EmojiArtExtensions.swift in Sources */ = {isa = PBXBuildFile; fileRef = AD236EB52696026B0003702D /* EmojiArtExtensions.swift */; };
		AD7C6D2A25604AEC008D4714 /* EmojiArt.swift in Sources */ = {isa = PBXBuildFile; fileRef = AD7C6D2925604AEC008D4714 /* EmojiArt.swift */; };
		AD7C6D2D2560AE3D008D4714 /* EmojiArtExtension.swift in Sources */ = {isa = PBXBuildFile; fileRef = AD7C6D2C2560AE3D008D4714 /* EmojiArtExtension.swift */; };
		AD83F0A02610070F0011F729 /* EditableText.swift in Sources */ = {isa = PBXBuildFile; fileRef = AD83F09F2610070F0011F729 /* EditableText.swift */; };
		ADAFC52724DF799B005191E6 /* AppDelegate.swift in Sources */ = {isa = PBXBuildFile; fileRef = ADAFC52624DF799B005191E6 /* AppDelegate.swift */; };
		ADAFC52924DF799B005191E6 /* SceneDelegate.swift in Sources */ = {isa = PBXBuildFile; fileRef = ADAFC52824DF799B005191E6 /* SceneDelegate.swift */; };
		ADAFC52D24DF799D005191E6 /* Assets.xcassets in Resources */ = {isa = PBXBuildFile; fileRef = ADAFC52C24DF799D005191E6 /* Assets.xcassets */; };
		ADAFC53024DF799D005191E6 /* Preview Assets.xcassets in Resources */ = {isa = PBXBuildFile; fileRef = ADAFC52F24DF799D005191E6 /* Preview Assets.xcassets */; };
		ADAFC53324DF799D005191E6 /* LaunchScreen.storyboard in Resources */ = {isa = PBXBuildFile; fileRef = ADAFC53124DF799D005191E6 /* LaunchScreen.storyboard */; };
		ADAFC53C24DF79EA005191E6 /* EmojiArtDocument.swift in Sources */ = {isa = PBXBuildFile; fileRef = ADAFC53A24DF79E9005191E6 /* EmojiArtDocument.swift */; };
		ADAFC53D24DF79EA005191E6 /* EmojiArtDocumentView.swift in Sources */ = {isa = PBXBuildFile; fileRef = ADAFC53B24DF79EA005191E6 /* EmojiArtDocumentView.swift */; };
		ADBB178B25D75B3500B48FAE /* EmojiArtDocument+Palette.swift in Sources */ = {isa = PBXBuildFile; fileRef = ADBB178A25D75B3500B48FAE /* EmojiArtDocument+Palette.swift */; };
		ADD8544225EB192000C71170 /* Grid.swift in Sources */ = {isa = PBXBuildFile; fileRef = ADD8544125EB192000C71170 /* Grid.swift */; };
		ADD8544525EB194300C71170 /* GridLayout.swift in Sources */ = {isa = PBXBuildFile; fileRef = ADD8544425EB194300C71170 /* GridLayout.swift */; };
		ADD8544825F3407B00C71170 /* EmojiArtDocumentStore.swift in Sources */ = {isa = PBXBuildFile; fileRef = ADD8544725F3407B00C71170 /* EmojiArtDocumentStore.swift */; };
		ADD8544F25F453E000C71170 /* EmojiArtDocumentChooser.swift in Sources */ = {isa = PBXBuildFile; fileRef = ADD8544E25F453E000C71170 /* EmojiArtDocumentChooser.swift */; };
/* End PBXBuildFile section */

/* Begin PBXFileReference section */
		AD04D0E62571EAFB003C0FB1 /* OptionalImage.swift */ = {isa = PBXFileReference; lastKnownFileType = sourcecode.swift; path = OptionalImage.swift; sourceTree = "<group>"; };
		AD04D0E92571F18B003C0FB1 /* AnimatableSystemFontModifier.swift */ = {isa = PBXFileReference; lastKnownFileType = sourcecode.swift; path = AnimatableSystemFontModifier.swift; sourceTree = "<group>"; };
		AD04D0EC257C5DB0003C0FB1 /* Spinning.swift */ = {isa = PBXFileReference; lastKnownFileType = sourcecode.swift; path = Spinning.swift; sourceTree = "<group>"; };
		AD04D0F4257EC007003C0FB1 /* PalletteChooser.swift */ = {isa = PBXFileReference; lastKnownFileType = sourcecode.swift; path = PalletteChooser.swift; sourceTree = "<group>"; };
		AD236EB32695F9BE0003702D /* ImagePicker.swift */ = {isa = PBXFileReference; lastKnownFileType = sourcecode.swift; path = ImagePicker.swift; sourceTree = "<group>"; };
		AD236EB52696026B0003702D /* EmojiArtExtensions.swift */ = {isa = PBXFileReference; fileEncoding = 4; lastKnownFileType = sourcecode.swift; path = EmojiArtExtensions.swift; sourceTree = "<group>"; };
		AD7C6D2925604AEC008D4714 /* EmojiArt.swift */ = {isa = PBXFileReference; lastKnownFileType = sourcecode.swift; path = EmojiArt.swift; sourceTree = "<group>"; };
		AD7C6D2C2560AE3D008D4714 /* EmojiArtExtension.swift */ = {isa = PBXFileReference; lastKnownFileType = sourcecode.swift; path = EmojiArtExtension.swift; sourceTree = "<group>"; };
		AD83F09F2610070F0011F729 /* EditableText.swift */ = {isa = PBXFileReference; fileEncoding = 4; lastKnownFileType = sourcecode.swift; path = EditableText.swift; sourceTree = "<group>"; };
		ADAFC52324DF799B005191E6 /* EmojiArt.app */ = {isa = PBXFileReference; explicitFileType = wrapper.application; includeInIndex = 0; path = EmojiArt.app; sourceTree = BUILT_PRODUCTS_DIR; };
		ADAFC52624DF799B005191E6 /* AppDelegate.swift */ = {isa = PBXFileReference; lastKnownFileType = sourcecode.swift; path = AppDelegate.swift; sourceTree = "<group>"; };
		ADAFC52824DF799B005191E6 /* SceneDelegate.swift */ = {isa = PBXFileReference; lastKnownFileType = sourcecode.swift; path = SceneDelegate.swift; sourceTree = "<group>"; };
		ADAFC52C24DF799D005191E6 /* Assets.xcassets */ = {isa = PBXFileReference; lastKnownFileType = folder.assetcatalog; path = Assets.xcassets; sourceTree = "<group>"; };
		ADAFC52F24DF799D005191E6 /* Preview Assets.xcassets */ = {isa = PBXFileReference; lastKnownFileType = folder.assetcatalog; path = "Preview Assets.xcassets"; sourceTree = "<group>"; };
		ADAFC53224DF799D005191E6 /* Base */ = {isa = PBXFileReference; lastKnownFileType = file.storyboard; name = Base; path = Base.lproj/LaunchScreen.storyboard; sourceTree = "<group>"; };
		ADAFC53424DF799D005191E6 /* Info.plist */ = {isa = PBXFileReference; lastKnownFileType = text.plist.xml; path = Info.plist; sourceTree = "<group>"; };
		ADAFC53A24DF79E9005191E6 /* EmojiArtDocument.swift */ = {isa = PBXFileReference; fileEncoding = 4; lastKnownFileType = sourcecode.swift; path = EmojiArtDocument.swift; sourceTree = "<group>"; };
		ADAFC53B24DF79EA005191E6 /* EmojiArtDocumentView.swift */ = {isa = PBXFileReference; fileEncoding = 4; lastKnownFileType = sourcecode.swift; path = EmojiArtDocumentView.swift; sourceTree = "<group>"; };
		ADBB178A25D75B3500B48FAE /* EmojiArtDocument+Palette.swift */ = {isa = PBXFileReference; fileEncoding = 4; lastKnownFileType = sourcecode.swift; path = "EmojiArtDocument+Palette.swift"; sourceTree = "<group>"; };
		ADD8544125EB192000C71170 /* Grid.swift */ = {isa = PBXFileReference; lastKnownFileType = sourcecode.swift; path = Grid.swift; sourceTree = "<group>"; };
		ADD8544425EB194300C71170 /* GridLayout.swift */ = {isa = PBXFileReference; fileEncoding = 4; lastKnownFileType = sourcecode.swift; path = GridLayout.swift; sourceTree = "<group>"; };
		ADD8544725F3407B00C71170 /* EmojiArtDocumentStore.swift */ = {isa = PBXFileReference; fileEncoding = 4; lastKnownFileType = sourcecode.swift; path = EmojiArtDocumentStore.swift; sourceTree = "<group>"; };
		ADD8544E25F453E000C71170 /* EmojiArtDocumentChooser.swift */ = {isa = PBXFileReference; lastKnownFileType = sourcecode.swift; path = EmojiArtDocumentChooser.swift; sourceTree = "<group>"; };
/* End PBXFileReference section */

/* Begin PBXFrameworksBuildPhase section */
		ADAFC52024DF799B005191E6 /* Frameworks */ = {
			isa = PBXFrameworksBuildPhase;
			buildActionMask = 2147483647;
			files = (
			);
			runOnlyForDeploymentPostprocessing = 0;
		};
/* End PBXFrameworksBuildPhase section */

/* Begin PBXGroup section */
		ADAFC51A24DF799B005191E6 = {
			isa = PBXGroup;
			children = (
				ADAFC52524DF799B005191E6 /* EmojiArt */,
				ADAFC52424DF799B005191E6 /* Products */,
			);
			sourceTree = "<group>";
		};
		ADAFC52424DF799B005191E6 /* Products */ = {
			isa = PBXGroup;
			children = (
				ADAFC52324DF799B005191E6 /* EmojiArt.app */,
			);
			name = Products;
			sourceTree = "<group>";
		};
		ADAFC52524DF799B005191E6 /* EmojiArt */ = {
			isa = PBXGroup;
			children = (
				ADAFC53A24DF79E9005191E6 /* EmojiArtDocument.swift */,
				AD7C6D2C2560AE3D008D4714 /* EmojiArtExtension.swift */,
				ADAFC53B24DF79EA005191E6 /* EmojiArtDocumentView.swift */,
				AD236EB52696026B0003702D /* EmojiArtExtensions.swift */,
				AD236EB32695F9BE0003702D /* ImagePicker.swift */,
				ADD8544725F3407B00C71170 /* EmojiArtDocumentStore.swift */,
				ADD8544E25F453E000C71170 /* EmojiArtDocumentChooser.swift */,
				AD83F09F2610070F0011F729 /* EditableText.swift */,
				AD04D0EC257C5DB0003C0FB1 /* Spinning.swift */,
				AD04D0E62571EAFB003C0FB1 /* OptionalImage.swift */,
				AD7C6D2925604AEC008D4714 /* EmojiArt.swift */,
				ADBB178A25D75B3500B48FAE /* EmojiArtDocument+Palette.swift */,
				ADAFC52624DF799B005191E6 /* AppDelegate.swift */,
				ADAFC52824DF799B005191E6 /* SceneDelegate.swift */,
				ADAFC52C24DF799D005191E6 /* Assets.xcassets */,
				ADAFC53124DF799D005191E6 /* LaunchScreen.storyboard */,
				ADAFC53424DF799D005191E6 /* Info.plist */,
				ADAFC52E24DF799D005191E6 /* Preview Content */,
				AD04D0E92571F18B003C0FB1 /* AnimatableSystemFontModifier.swift */,
				AD04D0F4257EC007003C0FB1 /* PalletteChooser.swift */,
				ADD8544425EB194300C71170 /* GridLayout.swift */,
				ADD8544125EB192000C71170 /* Grid.swift */,
			);
			path = EmojiArt;
			sourceTree = "<group>";
		};
		ADAFC52E24DF799D005191E6 /* Preview Content */ = {
			isa = PBXGroup;
			children = (
				ADAFC52F24DF799D005191E6 /* Preview Assets.xcassets */,
			);
			path = "Preview Content";
			sourceTree = "<group>";
		};
/* End PBXGroup section */

/* Begin PBXNativeTarget section */
		ADAFC52224DF799B005191E6 /* EmojiArt */ = {
			isa = PBXNativeTarget;
			buildConfigurationList = ADAFC53724DF799D005191E6 /* Build configuration list for PBXNativeTarget "EmojiArt" */;
			buildPhases = (
				ADAFC51F24DF799B005191E6 /* Sources */,
				ADAFC52024DF799B005191E6 /* Frameworks */,
				ADAFC52124DF799B005191E6 /* Resources */,
			);
			buildRules = (
			);
			dependencies = (
			);
			name = EmojiArt;
			productName = EmojiArt;
			productReference = ADAFC52324DF799B005191E6 /* EmojiArt.app */;
			productType = "com.apple.product-type.application";
		};
/* End PBXNativeTarget section */

/* Begin PBXProject section */
		ADAFC51B24DF799B005191E6 /* Project object */ = {
			isa = PBXProject;
			attributes = {
				LastSwiftUpdateCheck = 1160;
				LastUpgradeCheck = 1300;
				ORGANIZATIONNAME = BaraLabs;
				TargetAttributes = {
					ADAFC52224DF799B005191E6 = {
						CreatedOnToolsVersion = 11.6;
					};
				};
			};
			buildConfigurationList = ADAFC51E24DF799B005191E6 /* Build configuration list for PBXProject "EmojiArt" */;
			compatibilityVersion = "Xcode 9.3";
			developmentRegion = en;
			hasScannedForEncodings = 0;
			knownRegions = (
				en,
				Base,
			);
			mainGroup = ADAFC51A24DF799B005191E6;
			productRefGroup = ADAFC52424DF799B005191E6 /* Products */;
			projectDirPath = "";
			projectRoot = "";
			targets = (
				ADAFC52224DF799B005191E6 /* EmojiArt */,
			);
		};
/* End PBXProject section */

/* Begin PBXResourcesBuildPhase section */
		ADAFC52124DF799B005191E6 /* Resources */ = {
			isa = PBXResourcesBuildPhase;
			buildActionMask = 2147483647;
			files = (
				ADAFC53324DF799D005191E6 /* LaunchScreen.storyboard in Resources */,
				ADAFC53024DF799D005191E6 /* Preview Assets.xcassets in Resources */,
				ADAFC52D24DF799D005191E6 /* Assets.xcassets in Resources */,
			);
			runOnlyForDeploymentPostprocessing = 0;
		};
/* End PBXResourcesBuildPhase section */

/* Begin PBXSourcesBuildPhase section */
		ADAFC51F24DF799B005191E6 /* Sources */ = {
			isa = PBXSourcesBuildPhase;
			buildActionMask = 2147483647;
			files = (
				AD7C6D2D2560AE3D008D4714 /* EmojiArtExtension.swift in Sources */,
				ADAFC52724DF799B005191E6 /* AppDelegate.swift in Sources */,
				AD236EB62696026B0003702D /* EmojiArtExtensions.swift in Sources */,
				ADBB178B25D75B3500B48FAE /* EmojiArtDocument+Palette.swift in Sources */,
				AD236EB42695F9BE0003702D /* ImagePicker.swift in Sources */,
				ADAFC53C24DF79EA005191E6 /* EmojiArtDocument.swift in Sources */,
				AD7C6D2A25604AEC008D4714 /* EmojiArt.swift in Sources */,
				AD04D0F5257EC007003C0FB1 /* PalletteChooser.swift in Sources */,
				ADD8544525EB194300C71170 /* GridLayout.swift in Sources */,
				ADAFC53D24DF79EA005191E6 /* EmojiArtDocumentView.swift in Sources */,
				AD04D0E72571EAFB003C0FB1 /* OptionalImage.swift in Sources */,
				ADD8544825F3407B00C71170 /* EmojiArtDocumentStore.swift in Sources */,
				AD04D0ED257C5DB0003C0FB1 /* Spinning.swift in Sources */,
				ADD8544F25F453E000C71170 /* EmojiArtDocumentChooser.swift in Sources */,
				AD83F0A02610070F0011F729 /* EditableText.swift in Sources */,
				AD04D0EA2571F18B003C0FB1 /* AnimatableSystemFontModifier.swift in Sources */,
				ADAFC52924DF799B005191E6 /* SceneDelegate.swift in Sources */,
				ADD8544225EB192000C71170 /* Grid.swift in Sources */,
			);
			runOnlyForDeploymentPostprocessing = 0;
		};
/* End PBXSourcesBuildPhase section */

/* Begin PBXVariantGroup section */
		ADAFC53124DF799D005191E6 /* LaunchScreen.storyboard */ = {
			isa = PBXVariantGroup;
			children = (
				ADAFC53224DF799D005191E6 /* Base */,
			);
			name = LaunchScreen.storyboard;
			sourceTree = "<group>";
		};
/* End PBXVariantGroup section */

/* Begin XCBuildConfiguration section */
		ADAFC53524DF799D005191E6 /* Debug */ = {
			isa = XCBuildConfiguration;
			buildSettings = {
				ALWAYS_SEARCH_USER_PATHS = NO;
				CLANG_ANALYZER_NONNULL = YES;
				CLANG_ANALYZER_NUMBER_OBJECT_CONVERSION = YES_AGGRESSIVE;
				CLANG_CXX_LANGUAGE_STANDARD = "gnu++14";
				CLANG_CXX_LIBRARY = "libc++";
				CLANG_ENABLE_MODULES = YES;
				CLANG_ENABLE_OBJC_ARC = YES;
				CLANG_ENABLE_OBJC_WEAK = YES;
				CLANG_WARN_BLOCK_CAPTURE_AUTORELEASING = YES;
				CLANG_WARN_BOOL_CONVERSION = YES;
				CLANG_WARN_COMMA = YES;
				CLANG_WARN_CONSTANT_CONVERSION = YES;
				CLANG_WARN_DEPRECATED_OBJC_IMPLEMENTATIONS = YES;
				CLANG_WARN_DIRECT_OBJC_ISA_USAGE = YES_ERROR;
				CLANG_WARN_DOCUMENTATION_COMMENTS = YES;
				CLANG_WARN_EMPTY_BODY = YES;
				CLANG_WARN_ENUM_CONVERSION = YES;
				CLANG_WARN_INFINITE_RECURSION = YES;
				CLANG_WARN_INT_CONVERSION = YES;
				CLANG_WARN_NON_LITERAL_NULL_CONVERSION = YES;
				CLANG_WARN_OBJC_IMPLICIT_RETAIN_SELF = YES;
				CLANG_WARN_OBJC_LITERAL_CONVERSION = YES;
				CLANG_WARN_OBJC_ROOT_CLASS = YES_ERROR;
				CLANG_WARN_QUOTED_INCLUDE_IN_FRAMEWORK_HEADER = YES;
				CLANG_WARN_RANGE_LOOP_ANALYSIS = YES;
				CLANG_WARN_STRICT_PROTOTYPES = YES;
				CLANG_WARN_SUSPICIOUS_MOVE = YES;
				CLANG_WARN_UNGUARDED_AVAILABILITY = YES_AGGRESSIVE;
				CLANG_WARN_UNREACHABLE_CODE = YES;
				CLANG_WARN__DUPLICATE_METHOD_MATCH = YES;
				COPY_PHASE_STRIP = NO;
				DEBUG_INFORMATION_FORMAT = dwarf;
				ENABLE_STRICT_OBJC_MSGSEND = YES;
				ENABLE_TESTABILITY = YES;
				GCC_C_LANGUAGE_STANDARD = gnu11;
				GCC_DYNAMIC_NO_PIC = NO;
				GCC_NO_COMMON_BLOCKS = YES;
				GCC_OPTIMIZATION_LEVEL = 0;
				GCC_PREPROCESSOR_DEFINITIONS = (
					"DEBUG=1",
					"$(inherited)",
				);
				GCC_WARN_64_TO_32_BIT_CONVERSION = YES;
				GCC_WARN_ABOUT_RETURN_TYPE = YES_ERROR;
				GCC_WARN_UNDECLARED_SELECTOR = YES;
				GCC_WARN_UNINITIALIZED_AUTOS = YES_AGGRESSIVE;
				GCC_WARN_UNUSED_FUNCTION = YES;
				GCC_WARN_UNUSED_VARIABLE = YES;
				IPHONEOS_DEPLOYMENT_TARGET = 13.6;
				MTL_ENABLE_DEBUG_INFO = INCLUDE_SOURCE;
				MTL_FAST_MATH = YES;
				ONLY_ACTIVE_ARCH = YES;
				SDKROOT = iphoneos;
				SWIFT_ACTIVE_COMPILATION_CONDITIONS = DEBUG;
				SWIFT_OPTIMIZATION_LEVEL = "-Onone";
			};
			name = Debug;
		};
		ADAFC53624DF799D005191E6 /* Release */ = {
			isa = XCBuildConfiguration;
			buildSettings = {
				ALWAYS_SEARCH_USER_PATHS = NO;
				CLANG_ANALYZER_NONNULL = YES;
				CLANG_ANALYZER_NUMBER_OBJECT_CONVERSION = YES_AGGRESSIVE;
				CLANG_CXX_LANGUAGE_STANDARD = "gnu++14";
				CLANG_CXX_LIBRARY = "libc++";
				CLANG_ENABLE_MODULES = YES;
				CLANG_ENABLE_OBJC_ARC = YES;
				CLANG_ENABLE_OBJC_WEAK = YES;
				CLANG_WARN_BLOCK_CAPTURE_AUTORELEASING = YES;
				CLANG_WARN_BOOL_CONVERSION = YES;
				CLANG_WARN_COMMA = YES;
				CLANG_WARN_CONSTANT_CONVERSION = YES;
				CLANG_WARN_DEPRECATED_OBJC_IMPLEMENTATIONS = YES;
				CLANG_WARN_DIRECT_OBJC_ISA_USAGE = YES_ERROR;
				CLANG_WARN_DOCUMENTATION_COMMENTS = YES;
				CLANG_WARN_EMPTY_BODY = YES;
				CLANG_WARN_ENUM_CONVERSION = YES;
				CLANG_WARN_INFINITE_RECURSION = YES;
				CLANG_WARN_INT_CONVERSION = YES;
				CLANG_WARN_NON_LITERAL_NULL_CONVERSION = YES;
				CLANG_WARN_OBJC_IMPLICIT_RETAIN_SELF = YES;
				CLANG_WARN_OBJC_LITERAL_CONVERSION = YES;
				CLANG_WARN_OBJC_ROOT_CLASS = YES_ERROR;
				CLANG_WARN_QUOTED_INCLUDE_IN_FRAMEWORK_HEADER = YES;
				CLANG_WARN_RANGE_LOOP_ANALYSIS = YES;
				CLANG_WARN_STRICT_PROTOTYPES = YES;
				CLANG_WARN_SUSPICIOUS_MOVE = YES;
				CLANG_WARN_UNGUARDED_AVAILABILITY = YES_AGGRESSIVE;
				CLANG_WARN_UNREACHABLE_CODE = YES;
				CLANG_WARN__DUPLICATE_METHOD_MATCH = YES;
				COPY_PHASE_STRIP = NO;
				DEBUG_INFORMATION_FORMAT = "dwarf-with-dsym";
				ENABLE_NS_ASSERTIONS = NO;
				ENABLE_STRICT_OBJC_MSGSEND = YES;
				GCC_C_LANGUAGE_STANDARD = gnu11;
				GCC_NO_COMMON_BLOCKS = YES;
				GCC_WARN_64_TO_32_BIT_CONVERSION = YES;
				GCC_WARN_ABOUT_RETURN_TYPE = YES_ERROR;
				GCC_WARN_UNDECLARED_SELECTOR = YES;
				GCC_WARN_UNINITIALIZED_AUTOS = YES_AGGRESSIVE;
				GCC_WARN_UNUSED_FUNCTION = YES;
				GCC_WARN_UNUSED_VARIABLE = YES;
				IPHONEOS_DEPLOYMENT_TARGET = 13.6;
				MTL_ENABLE_DEBUG_INFO = NO;
				MTL_FAST_MATH = YES;
				SDKROOT = iphoneos;
				SWIFT_COMPILATION_MODE = wholemodule;
				SWIFT_OPTIMIZATION_LEVEL = "-O";
				VALIDATE_PRODUCT = YES;
			};
			name = Release;
		};
		ADAFC53824DF799D005191E6 /* Debug */ = {
			isa = XCBuildConfiguration;
			buildSettings = {
				ASSETCATALOG_COMPILER_APPICON_NAME = AppIcon;
				CODE_SIGN_STYLE = Automatic;
				DEVELOPMENT_ASSET_PATHS = "\"EmojiArt/Preview Content\"";
				DEVELOPMENT_TEAM = CF655ESNGC;
				ENABLE_PREVIEWS = YES;
				INFOPLIST_FILE = EmojiArt/Info.plist;
				LD_RUNPATH_SEARCH_PATHS = (
					"$(inherited)",
					"@executable_path/Frameworks",
				);
				PRODUCT_BUNDLE_IDENTIFIER = com.baralabs.EmojiArt;
				PRODUCT_NAME = "$(TARGET_NAME)";
				SWIFT_VERSION = 5.0;
				TARGETED_DEVICE_FAMILY = "1,2";
			};
			name = Debug;
		};
		ADAFC53924DF799D005191E6 /* Release */ = {
			isa = XCBuildConfiguration;
			buildSettings = {
				ASSETCATALOG_COMPILER_APPICON_NAME = AppIcon;
				CODE_SIGN_STYLE = Automatic;
				DEVELOPMENT_ASSET_PATHS = "\"EmojiArt/Preview Content\"";
				DEVELOPMENT_TEAM = CF655ESNGC;
				ENABLE_PREVIEWS = YES;
				INFOPLIST_FILE = EmojiArt/Info.plist;
				LD_RUNPATH_SEARCH_PATHS = (
					"$(inherited)",
					"@executable_path/Frameworks",
				);
				PRODUCT_BUNDLE_IDENTIFIER = com.baralabs.EmojiArt;
				PRODUCT_NAME = "$(TARGET_NAME)";
				SWIFT_VERSION = 5.0;
				TARGETED_DEVICE_FAMILY = "1,2";
			};
			name = Release;
		};
/* End XCBuildConfiguration section */

/* Begin XCConfigurationList section */
		ADAFC51E24DF799B005191E6 /* Build configuration list for PBXProject "EmojiArt" */ = {
			isa = XCConfigurationList;
			buildConfigurations = (
				ADAFC53524DF799D005191E6 /* Debug */,
				ADAFC53624DF799D005191E6 /* Release */,
			);
			defaultConfigurationIsVisible = 0;
			defaultConfigurationName = Release;
		};
		ADAFC53724DF799D005191E6 /* Build configuration list for PBXNativeTarget "EmojiArt" */ = {
			isa = XCConfigurationList;
			buildConfigurations = (
				ADAFC53824DF799D005191E6 /* Debug */,
				ADAFC53924DF799D005191E6 /* Release */,
			);
			defaultConfigurationIsVisible = 0;
			defaultConfigurationName = Release;
		};
/* End XCConfigurationList section */
	};
	rootObject = ADAFC51B24DF799B005191E6 /* Project object */;
}
